
Microsoft Visual Studio Solution File, Format Version 12.00
# Visual Studio 15
VisualStudioVersion = 15.0.28307.329
MinimumVisualStudioVersion = 10.0.40219.1
Project("{FAE04EC0-301F-11D3-BF4B-00C04F79EFBC}") = "FenetreBleuRouge", "FenetreBleuRouge\FenetreBleuRouge.csproj", "{C8BD4541-2EA8-4C7B-8243-2D68FC04F3FE}"
EndProject
Global
	GlobalSection(SolutionConfigurationPlatforms) = preSolution
		Debug|Any CPU = Debug|Any CPU
		Release|Any CPU = Release|Any CPU
	EndGlobalSection
	GlobalSection(ProjectConfigurationPlatforms) = postSolution
		{C8BD4541-2EA8-4C7B-8243-2D68FC04F3FE}.Debug|Any CPU.ActiveCfg = Debug|Any CPU
		{C8BD4541-2EA8-4C7B-8243-2D68FC04F3FE}.Debug|Any CPU.Build.0 = Debug|Any CPU
		{C8BD4541-2EA8-4C7B-8243-2D68FC04F3FE}.Release|Any CPU.ActiveCfg = Release|Any CPU
		{C8BD4541-2EA8-4C7B-8243-2D68FC04F3FE}.Release|Any CPU.Build.0 = Release|Any CPU
	EndGlobalSection
	GlobalSection(SolutionProperties) = preSolution
		HideSolutionNode = FALSE
	EndGlobalSection
	GlobalSection(ExtensibilityGlobals) = postSolution
		SolutionGuid = {F3FFD878-AF89-4FB2-9B9C-669647D44A36}
	EndGlobalSection
EndGlobal
